
Microsoft Visual Studio Solution File, Format Version 12.00
# Visual Studio Version 17
VisualStudioVersion = 17.0.31717.71
MinimumVisualStudioVersion = 10.0.40219.1
Project("{2150E333-8FDC-42A3-9474-1A3956D46DE8}") = "- Documentation", "- Documentation", "{75CB1268-E052-4A3F-8022-2C21C84D9B32}"
	ProjectSection(SolutionItems) = preProject
		CHANGELOG.md = CHANGELOG.md
		LICENSE = LICENSE
		README.md = README.md
		THIRD-PARTY-NOTICES = THIRD-PARTY-NOTICES
	EndProjectSection
EndProject
Project("{2150E333-8FDC-42A3-9474-1A3956D46DE8}") = "- Configuration", "- Configuration", "{0DACFAAC-B553-41FE-A88E-948038CD072B}"
	ProjectSection(SolutionItems) = preProject
		.editorconfig = .editorconfig
		lgtm.yml = lgtm.yml
		stylecop.json = stylecop.json
		VERSION = VERSION
	EndProjectSection
EndProject
Project("{FAE04EC0-301F-11D3-BF4B-00C04F79EFBC}") = "Oxto.Core", "src\Oxto.Core\Oxto.Core.csproj", "{62064F40-927E-4421-AF63-AAD08A8CC360}"
EndProject
Project("{2150E333-8FDC-42A3-9474-1A3956D46DE8}") = "- Build", "- Build", "{72DA5BBE-C817-4407-B6CE-D501EE120C22}"
	ProjectSection(SolutionItems) = preProject
		Common.props = Common.props
		Directory.Build.props = Directory.Build.props
		Directory.Build.targets = Directory.Build.targets
		Directory.Packages.props = Directory.Packages.props
	EndProjectSection
EndProject
Global
	GlobalSection(SolutionConfigurationPlatforms) = preSolution
		Debug|Any CPU = Debug|Any CPU
		Release|Any CPU = Release|Any CPU
	EndGlobalSection
	GlobalSection(ProjectConfigurationPlatforms) = postSolution
		{62064F40-927E-4421-AF63-AAD08A8CC360}.Debug|Any CPU.ActiveCfg = Debug|Any CPU
		{62064F40-927E-4421-AF63-AAD08A8CC360}.Debug|Any CPU.Build.0 = Debug|Any CPU
		{62064F40-927E-4421-AF63-AAD08A8CC360}.Release|Any CPU.ActiveCfg = Release|Any CPU
		{62064F40-927E-4421-AF63-AAD08A8CC360}.Release|Any CPU.Build.0 = Release|Any CPU
	EndGlobalSection
	GlobalSection(SolutionProperties) = preSolution
		HideSolutionNode = FALSE
	EndGlobalSection
	GlobalSection(ExtensibilityGlobals) = postSolution
		SolutionGuid = {552BE595-AF8A-4BA2-9F45-D3CED6737ABB}
	EndGlobalSection
EndGlobal
